
Microsoft Visual Studio Solution File, Format Version 12.00
# Visual Studio Version 17
VisualStudioVersion = 17.0.31912.275
MinimumVisualStudioVersion = 10.0.40219.1
Project("{FAE04EC0-301F-11D3-BF4B-00C04F79EFBC}") = "TicTacToe_Game.UWP", "TicTacToe_Game.UWP\TicTacToe_Game.UWP.csproj", "{847AB0E6-8E97-4C63-94D3-17B9ABC43BCB}"
EndProject
Project("{FAE04EC0-301F-11D3-BF4B-00C04F79EFBC}") = "TicTacToe_Game.Android", "TicTacToe_Game.Android\TicTacToe_Game.Android.csproj", "{5195BCD8-7D2A-401C-AC47-363BEEFFEA56}"
EndProject
Project("{FAE04EC0-301F-11D3-BF4B-00C04F79EFBC}") = "TicTacToe_Game.iOS", "TicTacToe_Game.iOS\TicTacToe_Game.iOS.csproj", "{240FF37D-0923-434B-BD47-748B4598496F}"
EndProject
Project("{FAE04EC0-301F-11D3-BF4B-00C04F79EFBC}") = "TicTacToe_Game", "TicTacToe_Game\TicTacToe_Game.csproj", "{1BCFA767-B5EF-4D5B-BF66-5D45AC0FF345}"
EndProject
Global
	GlobalSection(SolutionConfigurationPlatforms) = preSolution
		Debug|Any CPU = Debug|Any CPU
		Debug|ARM = Debug|ARM
		Debug|iPhone = Debug|iPhone
		Debug|iPhoneSimulator = Debug|iPhoneSimulator
		Debug|x64 = Debug|x64
		Debug|x86 = Debug|x86
		Release|Any CPU = Release|Any CPU
		Release|ARM = Release|ARM
		Release|iPhone = Release|iPhone
		Release|iPhoneSimulator = Release|iPhoneSimulator
		Release|x64 = Release|x64
		Release|x86 = Release|x86
	EndGlobalSection
	GlobalSection(ProjectConfigurationPlatforms) = postSolution
		{847AB0E6-8E97-4C63-94D3-17B9ABC43BCB}.Debug|Any CPU.ActiveCfg = Debug|x64
		{847AB0E6-8E97-4C63-94D3-17B9ABC43BCB}.Debug|Any CPU.Build.0 = Debug|x64
		{847AB0E6-8E97-4C63-94D3-17B9ABC43BCB}.Debug|Any CPU.Deploy.0 = Debug|x64
		{847AB0E6-8E97-4C63-94D3-17B9ABC43BCB}.Debug|ARM.ActiveCfg = Debug|ARM
		{847AB0E6-8E97-4C63-94D3-17B9ABC43BCB}.Debug|ARM.Build.0 = Debug|ARM
		{847AB0E6-8E97-4C63-94D3-17B9ABC43BCB}.Debug|ARM.Deploy.0 = Debug|ARM
		{847AB0E6-8E97-4C63-94D3-17B9ABC43BCB}.Debug|iPhone.ActiveCfg = Debug|x64
		{847AB0E6-8E97-4C63-94D3-17B9ABC43BCB}.Debug|iPhone.Build.0 = Debug|x64
		{847AB0E6-8E97-4C63-94D3-17B9ABC43BCB}.Debug|iPhone.Deploy.0 = Debug|x64
		{847AB0E6-8E97-4C63-94D3-17B9ABC43BCB}.Debug|iPhoneSimulator.ActiveCfg = Debug|x64
		{847AB0E6-8E97-4C63-94D3-17B9ABC43BCB}.Debug|iPhoneSimulator.Build.0 = Debug|x64
		{847AB0E6-8E97-4C63-94D3-17B9ABC43BCB}.Debug|iPhoneSimulator.Deploy.0 = Debug|x64
		{847AB0E6-8E97-4C63-94D3-17B9ABC43BCB}.Debug|x64.ActiveCfg = Debug|x64
		{847AB0E6-8E97-4C63-94D3-17B9ABC43BCB}.Debug|x64.Build.0 = Debug|x64
		{847AB0E6-8E97-4C63-94D3-17B9ABC43BCB}.Debug|x64.Deploy.0 = Debug|x64
		{847AB0E6-8E97-4C63-94D3-17B9ABC43BCB}.Debug|x86.ActiveCfg = Debug|x86
		{847AB0E6-8E97-4C63-94D3-17B9ABC43BCB}.Debug|x86.Build.0 = Debug|x86
		{847AB0E6-8E97-4C63-94D3-17B9ABC43BCB}.Debug|x86.Deploy.0 = Debug|x86
		{847AB0E6-8E97-4C63-94D3-17B9ABC43BCB}.Release|Any CPU.ActiveCfg = Release|x64
		{847AB0E6-8E97-4C63-94D3-17B9ABC43BCB}.Release|Any CPU.Build.0 = Release|x64
		{847AB0E6-8E97-4C63-94D3-17B9ABC43BCB}.Release|Any CPU.Deploy.0 = Release|x64
		{847AB0E6-8E97-4C63-94D3-17B9ABC43BCB}.Release|ARM.ActiveCfg = Release|ARM
		{847AB0E6-8E97-4C63-94D3-17B9ABC43BCB}.Release|ARM.Build.0 = Release|ARM
		{847AB0E6-8E97-4C63-94D3-17B9ABC43BCB}.Release|ARM.Deploy.0 = Release|ARM
		{847AB0E6-8E97-4C63-94D3-17B9ABC43BCB}.Release|iPhone.ActiveCfg = Release|x64
		{847AB0E6-8E97-4C63-94D3-17B9ABC43BCB}.Release|iPhone.Build.0 = Release|x64
		{847AB0E6-8E97-4C63-94D3-17B9ABC43BCB}.Release|iPhone.Deploy.0 = Release|x64
		{847AB0E6-8E97-4C63-94D3-17B9ABC43BCB}.Release|iPhoneSimulator.ActiveCfg = Release|x64
		{847AB0E6-8E97-4C63-94D3-17B9ABC43BCB}.Release|iPhoneSimulator.Build.0 = Release|x64
		{847AB0E6-8E97-4C63-94D3-17B9ABC43BCB}.Release|iPhoneSimulator.Deploy.0 = Release|x64
		{847AB0E6-8E97-4C63-94D3-17B9ABC43BCB}.Release|x64.ActiveCfg = Release|x64
		{847AB0E6-8E97-4C63-94D3-17B9ABC43BCB}.Release|x64.Build.0 = Release|x64
		{847AB0E6-8E97-4C63-94D3-17B9ABC43BCB}.Release|x64.Deploy.0 = Release|x64
		{847AB0E6-8E97-4C63-94D3-17B9ABC43BCB}.Release|x86.ActiveCfg = Release|x86
		{847AB0E6-8E97-4C63-94D3-17B9ABC43BCB}.Release|x86.Build.0 = Release|x86
		{847AB0E6-8E97-4C63-94D3-17B9ABC43BCB}.Release|x86.Deploy.0 = Release|x86
		{5195BCD8-7D2A-401C-AC47-363BEEFFEA56}.Debug|Any CPU.ActiveCfg = Debug|Any CPU
		{5195BCD8-7D2A-401C-AC47-363BEEFFEA56}.Debug|Any CPU.Build.0 = Debug|Any CPU
		{5195BCD8-7D2A-401C-AC47-363BEEFFEA56}.Debug|Any CPU.Deploy.0 = Debug|Any CPU
		{5195BCD8-7D2A-401C-AC47-363BEEFFEA56}.Debug|ARM.ActiveCfg = Debug|Any CPU
		{5195BCD8-7D2A-401C-AC47-363BEEFFEA56}.Debug|ARM.Build.0 = Debug|Any CPU
		{5195BCD8-7D2A-401C-AC47-363BEEFFEA56}.Debug|ARM.Deploy.0 = Debug|Any CPU
		{5195BCD8-7D2A-401C-AC47-363BEEFFEA56}.Debug|iPhone.ActiveCfg = Debug|Any CPU
		{5195BCD8-7D2A-401C-AC47-363BEEFFEA56}.Debug|iPhone.Build.0 = Debug|Any CPU
		{5195BCD8-7D2A-401C-AC47-363BEEFFEA56}.Debug|iPhone.Deploy.0 = Debug|Any CPU
		{5195BCD8-7D2A-401C-AC47-363BEEFFEA56}.Debug|iPhoneSimulator.ActiveCfg = Debug|Any CPU
		{5195BCD8-7D2A-401C-AC47-363BEEFFEA56}.Debug|iPhoneSimulator.Build.0 = Debug|Any CPU
		{5195BCD8-7D2A-401C-AC47-363BEEFFEA56}.Debug|iPhoneSimulator.Deploy.0 = Debug|Any CPU
		{5195BCD8-7D2A-401C-AC47-363BEEFFEA56}.Debug|x64.ActiveCfg = Debug|Any CPU
		{5195BCD8-7D2A-401C-AC47-363BEEFFEA56}.Debug|x64.Build.0 = Debug|Any CPU
		{5195BCD8-7D2A-401C-AC47-363BEEFFEA56}.Debug|x64.Deploy.0 = Debug|Any CPU
		{5195BCD8-7D2A-401C-AC47-363BEEFFEA56}.Debug|x86.ActiveCfg = Debug|Any CPU
		{5195BCD8-7D2A-401C-AC47-363BEEFFEA56}.Debug|x86.Build.0 = Debug|Any CPU
		{5195BCD8-7D2A-401C-AC47-363BEEFFEA56}.Debug|x86.Deploy.0 = Debug|Any CPU
		{5195BCD8-7D2A-401C-AC47-363BEEFFEA56}.Release|Any CPU.ActiveCfg = Release|Any CPU
		{5195BCD8-7D2A-401C-AC47-363BEEFFEA56}.Release|Any CPU.Build.0 = Release|Any CPU
		{5195BCD8-7D2A-401C-AC47-363BEEFFEA56}.Release|Any CPU.Deploy.0 = Release|Any CPU
		{5195BCD8-7D2A-401C-AC47-363BEEFFEA56}.Release|ARM.ActiveCfg = Release|Any CPU
		{5195BCD8-7D2A-401C-AC47-363BEEFFEA56}.Release|ARM.Build.0 = Release|Any CPU
		{5195BCD8-7D2A-401C-AC47-363BEEFFEA56}.Release|ARM.Deploy.0 = Release|Any CPU
		{5195BCD8-7D2A-401C-AC47-363BEEFFEA56}.Release|iPhone.ActiveCfg = Release|Any CPU
		{5195BCD8-7D2A-401C-AC47-363BEEFFEA56}.Release|iPhone.Build.0 = Release|Any CPU
		{5195BCD8-7D2A-401C-AC47-363BEEFFEA56}.Release|iPhone.Deploy.0 = Release|Any CPU
		{5195BCD8-7D2A-401C-AC47-363BEEFFEA56}.Release|iPhoneSimulator.ActiveCfg = Release|Any CPU
		{5195BCD8-7D2A-401C-AC47-363BEEFFEA56}.Release|iPhoneSimulator.Build.0 = Release|Any CPU
		{5195BCD8-7D2A-401C-AC47-363BEEFFEA56}.Release|iPhoneSimulator.Deploy.0 = Release|Any CPU
		{5195BCD8-7D2A-401C-AC47-363BEEFFEA56}.Release|x64.ActiveCfg = Release|Any CPU
		{5195BCD8-7D2A-401C-AC47-363BEEFFEA56}.Release|x64.Build.0 = Release|Any CPU
		{5195BCD8-7D2A-401C-AC47-363BEEFFEA56}.Release|x64.Deploy.0 = Release|Any CPU
		{5195BCD8-7D2A-401C-AC47-363BEEFFEA56}.Release|x86.ActiveCfg = Release|Any CPU
		{5195BCD8-7D2A-401C-AC47-363BEEFFEA56}.Release|x86.Build.0 = Release|Any CPU
		{5195BCD8-7D2A-401C-AC47-363BEEFFEA56}.Release|x86.Deploy.0 = Release|Any CPU
		{240FF37D-0923-434B-BD47-748B4598496F}.Debug|Any CPU.ActiveCfg = Debug|iPhoneSimulator
		{240FF37D-0923-434B-BD47-748B4598496F}.Debug|Any CPU.Build.0 = Debug|iPhoneSimulator
		{240FF37D-0923-434B-BD47-748B4598496F}.Debug|Any CPU.Deploy.0 = Debug|iPhoneSimulator
		{240FF37D-0923-434B-BD47-748B4598496F}.Debug|ARM.ActiveCfg = Debug|iPhoneSimulator
		{240FF37D-0923-434B-BD47-748B4598496F}.Debug|ARM.Build.0 = Debug|iPhoneSimulator
		{240FF37D-0923-434B-BD47-748B4598496F}.Debug|ARM.Deploy.0 = Debug|iPhoneSimulator
		{240FF37D-0923-434B-BD47-748B4598496F}.Debug|iPhone.ActiveCfg = Debug|iPhone
		{240FF37D-0923-434B-BD47-748B4598496F}.Debug|iPhone.Build.0 = Debug|iPhone
		{240FF37D-0923-434B-BD47-748B4598496F}.Debug|iPhone.Deploy.0 = Debug|iPhone
		{240FF37D-0923-434B-BD47-748B4598496F}.Debug|iPhoneSimulator.ActiveCfg = Debug|iPhoneSimulator
		{240FF37D-0923-434B-BD47-748B4598496F}.Debug|iPhoneSimulator.Build.0 = Debug|iPhoneSimulator
		{240FF37D-0923-434B-BD47-748B4598496F}.Debug|iPhoneSimulator.Deploy.0 = Debug|iPhoneSimulator
		{240FF37D-0923-434B-BD47-748B4598496F}.Debug|x64.ActiveCfg = Debug|iPhone
		{240FF37D-0923-434B-BD47-748B4598496F}.Debug|x64.Build.0 = Debug|iPhone
		{240FF37D-0923-434B-BD47-748B4598496F}.Debug|x64.Deploy.0 = Debug|iPhone
		{240FF37D-0923-434B-BD47-748B4598496F}.Debug|x86.ActiveCfg = Debug|iPhoneSimulator
		{240FF37D-0923-434B-BD47-748B4598496F}.Debug|x86.Build.0 = Debug|iPhoneSimulator
		{240FF37D-0923-434B-BD47-748B4598496F}.Debug|x86.Deploy.0 = Debug|iPhoneSimulator
		{240FF37D-0923-434B-BD47-748B4598496F}.Release|Any CPU.ActiveCfg = Release|iPhoneSimulator
		{240FF37D-0923-434B-BD47-748B4598496F}.Release|Any CPU.Build.0 = Release|iPhoneSimulator
		{240FF37D-0923-434B-BD47-748B4598496F}.Release|Any CPU.Deploy.0 = Release|iPhoneSimulator
		{240FF37D-0923-434B-BD47-748B4598496F}.Release|ARM.ActiveCfg = Release|iPhoneSimulator
		{240FF37D-0923-434B-BD47-748B4598496F}.Release|ARM.Build.0 = Release|iPhoneSimulator
		{240FF37D-0923-434B-BD47-748B4598496F}.Release|ARM.Deploy.0 = Release|iPhoneSimulator
		{240FF37D-0923-434B-BD47-748B4598496F}.Release|iPhone.ActiveCfg = Release|iPhone
		{240FF37D-0923-434B-BD47-748B4598496F}.Release|iPhone.Build.0 = Release|iPhone
		{240FF37D-0923-434B-BD47-748B4598496F}.Release|iPhone.Deploy.0 = Release|iPhone
		{240FF37D-0923-434B-BD47-748B4598496F}.Release|iPhoneSimulator.ActiveCfg = Release|iPhoneSimulator
		{240FF37D-0923-434B-BD47-748B4598496F}.Release|iPhoneSimulator.Build.0 = Release|iPhoneSimulator
		{240FF37D-0923-434B-BD47-748B4598496F}.Release|iPhoneSimulator.Deploy.0 = Release|iPhoneSimulator
		{240FF37D-0923-434B-BD47-748B4598496F}.Release|x64.ActiveCfg = Release|iPhoneSimulator
		{240FF37D-0923-434B-BD47-748B4598496F}.Release|x64.Build.0 = Release|iPhoneSimulator
		{240FF37D-0923-434B-BD47-748B4598496F}.Release|x64.Deploy.0 = Release|iPhoneSimulator
		{240FF37D-0923-434B-BD47-748B4598496F}.Release|x86.ActiveCfg = Release|iPhoneSimulator
		{240FF37D-0923-434B-BD47-748B4598496F}.Release|x86.Build.0 = Release|iPhoneSimulator
		{240FF37D-0923-434B-BD47-748B4598496F}.Release|x86.Deploy.0 = Release|iPhoneSimulator
		{1BCFA767-B5EF-4D5B-BF66-5D45AC0FF345}.Debug|Any CPU.ActiveCfg = Debug|Any CPU
		{1BCFA767-B5EF-4D5B-BF66-5D45AC0FF345}.Debug|Any CPU.Build.0 = Debug|Any CPU
		{1BCFA767-B5EF-4D5B-BF66-5D45AC0FF345}.Debug|Any CPU.Deploy.0 = Debug|Any CPU
		{1BCFA767-B5EF-4D5B-BF66-5D45AC0FF345}.Debug|ARM.ActiveCfg = Debug|Any CPU
		{1BCFA767-B5EF-4D5B-BF66-5D45AC0FF345}.Debug|ARM.Build.0 = Debug|Any CPU
		{1BCFA767-B5EF-4D5B-BF66-5D45AC0FF345}.Debug|ARM.Deploy.0 = Debug|Any CPU
		{1BCFA767-B5EF-4D5B-BF66-5D45AC0FF345}.Debug|iPhone.ActiveCfg = Debug|Any CPU
		{1BCFA767-B5EF-4D5B-BF66-5D45AC0FF345}.Debug|iPhone.Build.0 = Debug|Any CPU
		{1BCFA767-B5EF-4D5B-BF66-5D45AC0FF345}.Debug|iPhone.Deploy.0 = Debug|Any CPU
		{1BCFA767-B5EF-4D5B-BF66-5D45AC0FF345}.Debug|iPhoneSimulator.ActiveCfg = Debug|Any CPU
		{1BCFA767-B5EF-4D5B-BF66-5D45AC0FF345}.Debug|iPhoneSimulator.Build.0 = Debug|Any CPU
		{1BCFA767-B5EF-4D5B-BF66-5D45AC0FF345}.Debug|iPhoneSimulator.Deploy.0 = Debug|Any CPU
		{1BCFA767-B5EF-4D5B-BF66-5D45AC0FF345}.Debug|x64.ActiveCfg = Debug|Any CPU
		{1BCFA767-B5EF-4D5B-BF66-5D45AC0FF345}.Debug|x64.Build.0 = Debug|Any CPU
		{1BCFA767-B5EF-4D5B-BF66-5D45AC0FF345}.Debug|x64.Deploy.0 = Debug|Any CPU
		{1BCFA767-B5EF-4D5B-BF66-5D45AC0FF345}.Debug|x86.ActiveCfg = Debug|Any CPU
		{1BCFA767-B5EF-4D5B-BF66-5D45AC0FF345}.Debug|x86.Build.0 = Debug|Any CPU
		{1BCFA767-B5EF-4D5B-BF66-5D45AC0FF345}.Debug|x86.Deploy.0 = Debug|Any CPU
		{1BCFA767-B5EF-4D5B-BF66-5D45AC0FF345}.Release|Any CPU.ActiveCfg = Release|Any CPU
		{1BCFA767-B5EF-4D5B-BF66-5D45AC0FF345}.Release|Any CPU.Build.0 = Release|Any CPU
		{1BCFA767-B5EF-4D5B-BF66-5D45AC0FF345}.Release|Any CPU.Deploy.0 = Release|Any CPU
		{1BCFA767-B5EF-4D5B-BF66-5D45AC0FF345}.Release|ARM.ActiveCfg = Release|Any CPU
		{1BCFA767-B5EF-4D5B-BF66-5D45AC0FF345}.Release|ARM.Build.0 = Release|Any CPU
		{1BCFA767-B5EF-4D5B-BF66-5D45AC0FF345}.Release|ARM.Deploy.0 = Release|Any CPU
		{1BCFA767-B5EF-4D5B-BF66-5D45AC0FF345}.Release|iPhone.ActiveCfg = Release|Any CPU
		{1BCFA767-B5EF-4D5B-BF66-5D45AC0FF345}.Release|iPhone.Build.0 = Release|Any CPU
		{1BCFA767-B5EF-4D5B-BF66-5D45AC0FF345}.Release|iPhone.Deploy.0 = Release|Any CPU
		{1BCFA767-B5EF-4D5B-BF66-5D45AC0FF345}.Release|iPhoneSimulator.ActiveCfg = Release|Any CPU
		{1BCFA767-B5EF-4D5B-BF66-5D45AC0FF345}.Release|iPhoneSimulator.Build.0 = Release|Any CPU
		{1BCFA767-B5EF-4D5B-BF66-5D45AC0FF345}.Release|iPhoneSimulator.Deploy.0 = Release|Any CPU
		{1BCFA767-B5EF-4D5B-BF66-5D45AC0FF345}.Release|x64.ActiveCfg = Release|Any CPU
		{1BCFA767-B5EF-4D5B-BF66-5D45AC0FF345}.Release|x64.Build.0 = Release|Any CPU
		{1BCFA767-B5EF-4D5B-BF66-5D45AC0FF345}.Release|x64.Deploy.0 = Release|Any CPU
		{1BCFA767-B5EF-4D5B-BF66-5D45AC0FF345}.Release|x86.ActiveCfg = Release|Any CPU
		{1BCFA767-B5EF-4D5B-BF66-5D45AC0FF345}.Release|x86.Build.0 = Release|Any CPU
		{1BCFA767-B5EF-4D5B-BF66-5D45AC0FF345}.Release|x86.Deploy.0 = Release|Any CPU
	EndGlobalSection
	GlobalSection(SolutionProperties) = preSolution
		HideSolutionNode = FALSE
	EndGlobalSection
	GlobalSection(ExtensibilityGlobals) = postSolution
		SolutionGuid = {A7C76670-73AA-4FE9-9449-4BCD1FAE5A67}
	EndGlobalSection
EndGlobal
